
Microsoft Visual Studio Solution File, Format Version 12.00
# Visual Studio Version 17
VisualStudioVersion = 17.2.32602.215
MinimumVisualStudioVersion = 10.0.40219.1
Project("{FAE04EC0-301F-11D3-BF4B-00C04F79EFBC}") = "AspNetCore.Samples.ContosoUniversity", "AspNetCore.Samples.ContosoUniversity.csproj", "{9B4CA5EF-BC28-46E0-994B-8525DE9B65BF}"
EndProject
Global
	GlobalSection(SolutionConfigurationPlatforms) = preSolution
		Debug|Any CPU = Debug|Any CPU
		Release|Any CPU = Release|Any CPU
	EndGlobalSection
	GlobalSection(ProjectConfigurationPlatforms) = postSolution
		{9B4CA5EF-BC28-46E0-994B-8525DE9B65BF}.Debug|Any CPU.ActiveCfg = Debug|Any CPU
		{9B4CA5EF-BC28-46E0-994B-8525DE9B65BF}.Debug|Any CPU.Build.0 = Debug|Any CPU
		{9B4CA5EF-BC28-46E0-994B-8525DE9B65BF}.Release|Any CPU.ActiveCfg = Release|Any CPU
		{9B4CA5EF-BC28-46E0-994B-8525DE9B65BF}.Release|Any CPU.Build.0 = Release|Any CPU
	EndGlobalSection
	GlobalSection(SolutionProperties) = preSolution
		HideSolutionNode = FALSE
	EndGlobalSection
	GlobalSection(ExtensibilityGlobals) = postSolution
		SolutionGuid = {EA670517-C99C-446C-BB8C-3F06E1230395}
	EndGlobalSection
EndGlobal
